// !$*UTF8*$!
{
	archiveVersion = 1;
	classes = {
	};
	objectVersion = 56;
	objects = {

/* Begin PBXBuildFile section */
		412369D02B925F0700A7A114 /* CastManager.swift in Sources */ = {isa = PBXBuildFile; fileRef = 412369CF2B925F0700A7A114 /* CastManager.swift */; };
		412369D22B926F7700A7A114 /* StorageManager.swift in Sources */ = {isa = PBXBuildFile; fileRef = 412369D12B926F7700A7A114 /* StorageManager.swift */; };
		412369D42B9276BF00A7A114 /* UserManager.swift in Sources */ = {isa = PBXBuildFile; fileRef = 412369D32B9276BF00A7A114 /* UserManager.swift */; };
		415EF0862B9281D400208CED /* CastCardView.swift in Sources */ = {isa = PBXBuildFile; fileRef = 415EF0852B9281D400208CED /* CastCardView.swift */; };
		A227BBD82B964C5100F4FA0C /* CastFormView.swift in Sources */ = {isa = PBXBuildFile; fileRef = A227BBD72B964C5100F4FA0C /* CastFormView.swift */; };
		4174912F2B96377000263ECE /* ChannelSelectorView.swift in Sources */ = {isa = PBXBuildFile; fileRef = 4174912E2B96377000263ECE /* ChannelSelectorView.swift */; };
		417491312B963F1800263ECE /* Chillax_Complete in Resources */ = {isa = PBXBuildFile; fileRef = 417491302B963F1800263ECE /* Chillax_Complete */; };
		A25810992B925C480021C2D4 /* SWOOOPApp.swift in Sources */ = {isa = PBXBuildFile; fileRef = A25810982B925C480021C2D4 /* SWOOOPApp.swift */; };
		A258109B2B925C480021C2D4 /* ContentView.swift in Sources */ = {isa = PBXBuildFile; fileRef = A258109A2B925C480021C2D4 /* ContentView.swift */; };
		A258109D2B925C4A0021C2D4 /* Assets.xcassets in Resources */ = {isa = PBXBuildFile; fileRef = A258109C2B925C4A0021C2D4 /* Assets.xcassets */; };
		A25810A02B925C4A0021C2D4 /* Preview Assets.xcassets in Resources */ = {isa = PBXBuildFile; fileRef = A258109F2B925C4A0021C2D4 /* Preview Assets.xcassets */; };
		A2BAF6BC2B93775C003D7DC8 /* ProfileButtonView.swift in Sources */ = {isa = PBXBuildFile; fileRef = A2BAF6BB2B93775C003D7DC8 /* ProfileButtonView.swift */; };
		A2BAF6BE2B937B54003D7DC8 /* ProfileView.swift in Sources */ = {isa = PBXBuildFile; fileRef = A2BAF6BD2B937B54003D7DC8 /* ProfileView.swift */; };
		A2BAF6C02B938F74003D7DC8 /* SignInView.swift in Sources */ = {isa = PBXBuildFile; fileRef = A2BAF6BF2B938F74003D7DC8 /* SignInView.swift */; };
		A2BAF6C32B939472003D7DC8 /* SlideButton in Frameworks */ = {isa = PBXBuildFile; productRef = A2BAF6C22B939472003D7DC8 /* SlideButton */; };
/* End PBXBuildFile section */

/* Begin PBXFileReference section */
		412369CF2B925F0700A7A114 /* CastManager.swift */ = {isa = PBXFileReference; lastKnownFileType = sourcecode.swift; path = CastManager.swift; sourceTree = "<group>"; };
		412369D12B926F7700A7A114 /* StorageManager.swift */ = {isa = PBXFileReference; lastKnownFileType = sourcecode.swift; path = StorageManager.swift; sourceTree = "<group>"; };
		412369D32B9276BF00A7A114 /* UserManager.swift */ = {isa = PBXFileReference; lastKnownFileType = sourcecode.swift; path = UserManager.swift; sourceTree = "<group>"; };
		415EF0852B9281D400208CED /* CastCardView.swift */ = {isa = PBXFileReference; lastKnownFileType = sourcecode.swift; path = CastCardView.swift; sourceTree = "<group>"; };
		A227BBD72B964C5100F4FA0C /* CastFormView.swift */ = {isa = PBXFileReference; lastKnownFileType = sourcecode.swift; name = CastFormView.swift; path = ../CastFormView.swift; sourceTree = "<group>"; };
		4174912E2B96377000263ECE /* ChannelSelectorView.swift */ = {isa = PBXFileReference; lastKnownFileType = sourcecode.swift; path = ChannelSelectorView.swift; sourceTree = "<group>"; };
		417491302B963F1800263ECE /* Chillax_Complete */ = {isa = PBXFileReference; lastKnownFileType = folder; path = Chillax_Complete; sourceTree = "<group>"; };
		417491342B964C5C00263ECE /* Info.plist */ = {isa = PBXFileReference; lastKnownFileType = text.plist; path = Info.plist; sourceTree = "<group>"; };
		A25810952B925C480021C2D4 /* SWOOOP.app */ = {isa = PBXFileReference; explicitFileType = wrapper.application; includeInIndex = 0; path = SWOOOP.app; sourceTree = BUILT_PRODUCTS_DIR; };
		A25810982B925C480021C2D4 /* SWOOOPApp.swift */ = {isa = PBXFileReference; lastKnownFileType = sourcecode.swift; path = SWOOOPApp.swift; sourceTree = "<group>"; };
		A258109A2B925C480021C2D4 /* ContentView.swift */ = {isa = PBXFileReference; lastKnownFileType = sourcecode.swift; path = ContentView.swift; sourceTree = "<group>"; };
		A258109C2B925C4A0021C2D4 /* Assets.xcassets */ = {isa = PBXFileReference; lastKnownFileType = folder.assetcatalog; path = Assets.xcassets; sourceTree = "<group>"; };
		A258109F2B925C4A0021C2D4 /* Preview Assets.xcassets */ = {isa = PBXFileReference; lastKnownFileType = folder.assetcatalog; path = "Preview Assets.xcassets"; sourceTree = "<group>"; };
		A2BAF6BB2B93775C003D7DC8 /* ProfileButtonView.swift */ = {isa = PBXFileReference; lastKnownFileType = sourcecode.swift; path = ProfileButtonView.swift; sourceTree = "<group>"; };
		A2BAF6BD2B937B54003D7DC8 /* ProfileView.swift */ = {isa = PBXFileReference; lastKnownFileType = sourcecode.swift; path = ProfileView.swift; sourceTree = "<group>"; };
		A2BAF6BF2B938F74003D7DC8 /* SignInView.swift */ = {isa = PBXFileReference; lastKnownFileType = sourcecode.swift; path = SignInView.swift; sourceTree = "<group>"; };
/* End PBXFileReference section */

/* Begin PBXFrameworksBuildPhase section */
		A25810922B925C480021C2D4 /* Frameworks */ = {
			isa = PBXFrameworksBuildPhase;
			buildActionMask = 2147483647;
			files = (
				A2BAF6C32B939472003D7DC8 /* SlideButton in Frameworks */,
			);
			runOnlyForDeploymentPostprocessing = 0;
		};
/* End PBXFrameworksBuildPhase section */

/* Begin PBXGroup section */
		A258108C2B925C480021C2D4 = {
			isa = PBXGroup;
			children = (
				A25810972B925C480021C2D4 /* SWOOOP */,
				A25810962B925C480021C2D4 /* Products */,
			);
			sourceTree = "<group>";
		};
		A25810962B925C480021C2D4 /* Products */ = {
			isa = PBXGroup;
			children = (
				A25810952B925C480021C2D4 /* SWOOOP.app */,
			);
			name = Products;
			sourceTree = "<group>";
		};
		A25810972B925C480021C2D4 /* SWOOOP */ = {
			isa = PBXGroup;
			children = (
				A227BBD72B964C5100F4FA0C /* CastFormView.swift */,
				417491342B964C5C00263ECE /* Info.plist */,
				417491302B963F1800263ECE /* Chillax_Complete */,
				A25810982B925C480021C2D4 /* SWOOOPApp.swift */,
				A258109A2B925C480021C2D4 /* ContentView.swift */,
				415EF0852B9281D400208CED /* CastCardView.swift */,
				412369CF2B925F0700A7A114 /* CastManager.swift */,
				412369D32B9276BF00A7A114 /* UserManager.swift */,
				412369D12B926F7700A7A114 /* StorageManager.swift */,
				A258109C2B925C4A0021C2D4 /* Assets.xcassets */,
				A258109E2B925C4A0021C2D4 /* Preview Content */,
				A2BAF6BB2B93775C003D7DC8 /* ProfileButtonView.swift */,
				4174912E2B96377000263ECE /* ChannelSelectorView.swift */,
				A2BAF6BD2B937B54003D7DC8 /* ProfileView.swift */,
				A2BAF6BF2B938F74003D7DC8 /* SignInView.swift */,
			);
			path = SWOOOP;
			sourceTree = "<group>";
		};
		A258109E2B925C4A0021C2D4 /* Preview Content */ = {
			isa = PBXGroup;
			children = (
				A258109F2B925C4A0021C2D4 /* Preview Assets.xcassets */,
			);
			path = "Preview Content";
			sourceTree = "<group>";
		};
/* End PBXGroup section */

/* Begin PBXNativeTarget section */
		A25810942B925C480021C2D4 /* SWOOOP */ = {
			isa = PBXNativeTarget;
			buildConfigurationList = A25810A32B925C4A0021C2D4 /* Build configuration list for PBXNativeTarget "SWOOOP" */;
			buildPhases = (
				A25810912B925C480021C2D4 /* Sources */,
				A25810922B925C480021C2D4 /* Frameworks */,
				A25810932B925C480021C2D4 /* Resources */,
			);
			buildRules = (
			);
			dependencies = (
			);
			name = SWOOOP;
			packageProductDependencies = (
				A2BAF6C22B939472003D7DC8 /* SlideButton */,
			);
			productName = SWOOOP;
			productReference = A25810952B925C480021C2D4 /* SWOOOP.app */;
			productType = "com.apple.product-type.application";
		};
/* End PBXNativeTarget section */

/* Begin PBXProject section */
		A258108D2B925C480021C2D4 /* Project object */ = {
			isa = PBXProject;
			attributes = {
				BuildIndependentTargetsInParallel = 1;
				LastSwiftUpdateCheck = 1520;
				LastUpgradeCheck = 1520;
				TargetAttributes = {
					A25810942B925C480021C2D4 = {
						CreatedOnToolsVersion = 15.2;
					};
				};
			};
			buildConfigurationList = A25810902B925C480021C2D4 /* Build configuration list for PBXProject "SWOOOP" */;
			compatibilityVersion = "Xcode 14.0";
			developmentRegion = en;
			hasScannedForEncodings = 0;
			knownRegions = (
				en,
				Base,
			);
			mainGroup = A258108C2B925C480021C2D4;
			packageReferences = (
				A2BAF6C12B939472003D7DC8 /* XCRemoteSwiftPackageReference "SlideButton" */,
			);
			productRefGroup = A25810962B925C480021C2D4 /* Products */;
			projectDirPath = "";
			projectRoot = "";
			targets = (
				A25810942B925C480021C2D4 /* SWOOOP */,
			);
		};
/* End PBXProject section */

/* Begin PBXResourcesBuildPhase section */
		A25810932B925C480021C2D4 /* Resources */ = {
			isa = PBXResourcesBuildPhase;
			buildActionMask = 2147483647;
			files = (
				417491312B963F1800263ECE /* Chillax_Complete in Resources */,
				A25810A02B925C4A0021C2D4 /* Preview Assets.xcassets in Resources */,
				A258109D2B925C4A0021C2D4 /* Assets.xcassets in Resources */,
			);
			runOnlyForDeploymentPostprocessing = 0;
		};
/* End PBXResourcesBuildPhase section */

/* Begin PBXSourcesBuildPhase section */
		A25810912B925C480021C2D4 /* Sources */ = {
			isa = PBXSourcesBuildPhase;
			buildActionMask = 2147483647;
			files = (
				A2BAF6C02B938F74003D7DC8 /* SignInView.swift in Sources */,
				4174912F2B96377000263ECE /* ChannelSelectorView.swift in Sources */,
				A2BAF6BE2B937B54003D7DC8 /* ProfileView.swift in Sources */,
				A258109B2B925C480021C2D4 /* ContentView.swift in Sources */,
				A2BAF6BC2B93775C003D7DC8 /* ProfileButtonView.swift in Sources */,
				412369D02B925F0700A7A114 /* CastManager.swift in Sources */,
				A227BBD82B964C5100F4FA0C /* CastFormView.swift in Sources */,
				A25810992B925C480021C2D4 /* SWOOOPApp.swift in Sources */,
				412369D42B9276BF00A7A114 /* UserManager.swift in Sources */,
				412369D22B926F7700A7A114 /* StorageManager.swift in Sources */,
				415EF0862B9281D400208CED /* CastCardView.swift in Sources */,
			);
			runOnlyForDeploymentPostprocessing = 0;
		};
/* End PBXSourcesBuildPhase section */

/* Begin XCBuildConfiguration section */
		A25810A12B925C4A0021C2D4 /* Debug */ = {
			isa = XCBuildConfiguration;
			buildSettings = {
				ALWAYS_SEARCH_USER_PATHS = NO;
				ASSETCATALOG_COMPILER_GENERATE_SWIFT_ASSET_SYMBOL_EXTENSIONS = YES;
				CLANG_ANALYZER_NONNULL = YES;
				CLANG_ANALYZER_NUMBER_OBJECT_CONVERSION = YES_AGGRESSIVE;
				CLANG_CXX_LANGUAGE_STANDARD = "gnu++20";
				CLANG_ENABLE_MODULES = YES;
				CLANG_ENABLE_OBJC_ARC = YES;
				CLANG_ENABLE_OBJC_WEAK = YES;
				CLANG_WARN_BLOCK_CAPTURE_AUTORELEASING = YES;
				CLANG_WARN_BOOL_CONVERSION = YES;
				CLANG_WARN_COMMA = YES;
				CLANG_WARN_CONSTANT_CONVERSION = YES;
				CLANG_WARN_DEPRECATED_OBJC_IMPLEMENTATIONS = YES;
				CLANG_WARN_DIRECT_OBJC_ISA_USAGE = YES_ERROR;
				CLANG_WARN_DOCUMENTATION_COMMENTS = YES;
				CLANG_WARN_EMPTY_BODY = YES;
				CLANG_WARN_ENUM_CONVERSION = YES;
				CLANG_WARN_INFINITE_RECURSION = YES;
				CLANG_WARN_INT_CONVERSION = YES;
				CLANG_WARN_NON_LITERAL_NULL_CONVERSION = YES;
				CLANG_WARN_OBJC_IMPLICIT_RETAIN_SELF = YES;
				CLANG_WARN_OBJC_LITERAL_CONVERSION = YES;
				CLANG_WARN_OBJC_ROOT_CLASS = YES_ERROR;
				CLANG_WARN_QUOTED_INCLUDE_IN_FRAMEWORK_HEADER = YES;
				CLANG_WARN_RANGE_LOOP_ANALYSIS = YES;
				CLANG_WARN_STRICT_PROTOTYPES = YES;
				CLANG_WARN_SUSPICIOUS_MOVE = YES;
				CLANG_WARN_UNGUARDED_AVAILABILITY = YES_AGGRESSIVE;
				CLANG_WARN_UNREACHABLE_CODE = YES;
				CLANG_WARN__DUPLICATE_METHOD_MATCH = YES;
				COPY_PHASE_STRIP = NO;
				DEBUG_INFORMATION_FORMAT = dwarf;
				ENABLE_STRICT_OBJC_MSGSEND = YES;
				ENABLE_TESTABILITY = YES;
				ENABLE_USER_SCRIPT_SANDBOXING = YES;
				GCC_C_LANGUAGE_STANDARD = gnu17;
				GCC_DYNAMIC_NO_PIC = NO;
				GCC_NO_COMMON_BLOCKS = YES;
				GCC_OPTIMIZATION_LEVEL = 0;
				GCC_PREPROCESSOR_DEFINITIONS = (
					"DEBUG=1",
					"$(inherited)",
				);
				GCC_WARN_64_TO_32_BIT_CONVERSION = YES;
				GCC_WARN_ABOUT_RETURN_TYPE = YES_ERROR;
				GCC_WARN_UNDECLARED_SELECTOR = YES;
				GCC_WARN_UNINITIALIZED_AUTOS = YES_AGGRESSIVE;
				GCC_WARN_UNUSED_FUNCTION = YES;
				GCC_WARN_UNUSED_VARIABLE = YES;
				IPHONEOS_DEPLOYMENT_TARGET = 17.2;
				LOCALIZATION_PREFERS_STRING_CATALOGS = YES;
				MTL_ENABLE_DEBUG_INFO = INCLUDE_SOURCE;
				MTL_FAST_MATH = YES;
				ONLY_ACTIVE_ARCH = YES;
				SDKROOT = iphoneos;
				SWIFT_ACTIVE_COMPILATION_CONDITIONS = "DEBUG $(inherited)";
				SWIFT_OPTIMIZATION_LEVEL = "-Onone";
			};
			name = Debug;
		};
		A25810A22B925C4A0021C2D4 /* Release */ = {
			isa = XCBuildConfiguration;
			buildSettings = {
				ALWAYS_SEARCH_USER_PATHS = NO;
				ASSETCATALOG_COMPILER_GENERATE_SWIFT_ASSET_SYMBOL_EXTENSIONS = YES;
				CLANG_ANALYZER_NONNULL = YES;
				CLANG_ANALYZER_NUMBER_OBJECT_CONVERSION = YES_AGGRESSIVE;
				CLANG_CXX_LANGUAGE_STANDARD = "gnu++20";
				CLANG_ENABLE_MODULES = YES;
				CLANG_ENABLE_OBJC_ARC = YES;
				CLANG_ENABLE_OBJC_WEAK = YES;
				CLANG_WARN_BLOCK_CAPTURE_AUTORELEASING = YES;
				CLANG_WARN_BOOL_CONVERSION = YES;
				CLANG_WARN_COMMA = YES;
				CLANG_WARN_CONSTANT_CONVERSION = YES;
				CLANG_WARN_DEPRECATED_OBJC_IMPLEMENTATIONS = YES;
				CLANG_WARN_DIRECT_OBJC_ISA_USAGE = YES_ERROR;
				CLANG_WARN_DOCUMENTATION_COMMENTS = YES;
				CLANG_WARN_EMPTY_BODY = YES;
				CLANG_WARN_ENUM_CONVERSION = YES;
				CLANG_WARN_INFINITE_RECURSION = YES;
				CLANG_WARN_INT_CONVERSION = YES;
				CLANG_WARN_NON_LITERAL_NULL_CONVERSION = YES;
				CLANG_WARN_OBJC_IMPLICIT_RETAIN_SELF = YES;
				CLANG_WARN_OBJC_LITERAL_CONVERSION = YES;
				CLANG_WARN_OBJC_ROOT_CLASS = YES_ERROR;
				CLANG_WARN_QUOTED_INCLUDE_IN_FRAMEWORK_HEADER = YES;
				CLANG_WARN_RANGE_LOOP_ANALYSIS = YES;
				CLANG_WARN_STRICT_PROTOTYPES = YES;
				CLANG_WARN_SUSPICIOUS_MOVE = YES;
				CLANG_WARN_UNGUARDED_AVAILABILITY = YES_AGGRESSIVE;
				CLANG_WARN_UNREACHABLE_CODE = YES;
				CLANG_WARN__DUPLICATE_METHOD_MATCH = YES;
				COPY_PHASE_STRIP = NO;
				DEBUG_INFORMATION_FORMAT = "dwarf-with-dsym";
				ENABLE_NS_ASSERTIONS = NO;
				ENABLE_STRICT_OBJC_MSGSEND = YES;
				ENABLE_USER_SCRIPT_SANDBOXING = YES;
				GCC_C_LANGUAGE_STANDARD = gnu17;
				GCC_NO_COMMON_BLOCKS = YES;
				GCC_WARN_64_TO_32_BIT_CONVERSION = YES;
				GCC_WARN_ABOUT_RETURN_TYPE = YES_ERROR;
				GCC_WARN_UNDECLARED_SELECTOR = YES;
				GCC_WARN_UNINITIALIZED_AUTOS = YES_AGGRESSIVE;
				GCC_WARN_UNUSED_FUNCTION = YES;
				GCC_WARN_UNUSED_VARIABLE = YES;
				IPHONEOS_DEPLOYMENT_TARGET = 17.2;
				LOCALIZATION_PREFERS_STRING_CATALOGS = YES;
				MTL_ENABLE_DEBUG_INFO = NO;
				MTL_FAST_MATH = YES;
				SDKROOT = iphoneos;
				SWIFT_COMPILATION_MODE = wholemodule;
				VALIDATE_PRODUCT = YES;
			};
			name = Release;
		};
		A25810A42B925C4A0021C2D4 /* Debug */ = {
			isa = XCBuildConfiguration;
			buildSettings = {
				ASSETCATALOG_COMPILER_APPICON_NAME = AppIcon;
				ASSETCATALOG_COMPILER_GLOBAL_ACCENT_COLOR_NAME = AccentColor;
				CODE_SIGN_STYLE = Automatic;
				CURRENT_PROJECT_VERSION = 1;
				DEVELOPMENT_ASSET_PATHS = "\"SWOOOP/Preview Content\"";
				DEVELOPMENT_TEAM = GUFNBHK267;
				ENABLE_PREVIEWS = YES;
				GENERATE_INFOPLIST_FILE = YES;
				INFOPLIST_FILE = SWOOOP/Info.plist;
				INFOPLIST_KEY_UIApplicationSceneManifest_Generation = YES;
				INFOPLIST_KEY_UIApplicationSupportsIndirectInputEvents = YES;
				INFOPLIST_KEY_UILaunchScreen_Generation = YES;
				INFOPLIST_KEY_UISupportedInterfaceOrientations_iPad = "UIInterfaceOrientationPortrait UIInterfaceOrientationPortraitUpsideDown UIInterfaceOrientationLandscapeLeft UIInterfaceOrientationLandscapeRight";
				INFOPLIST_KEY_UISupportedInterfaceOrientations_iPhone = "UIInterfaceOrientationPortrait UIInterfaceOrientationLandscapeLeft UIInterfaceOrientationLandscapeRight";
				LD_RUNPATH_SEARCH_PATHS = (
					"$(inherited)",
					"@executable_path/Frameworks",
				);
				MARKETING_VERSION = 1.3;
				PRODUCT_BUNDLE_IDENTIFIER = com.PinataTechnologies.SWOOP;
				PRODUCT_NAME = "$(TARGET_NAME)";
				SWIFT_EMIT_LOC_STRINGS = YES;
				SWIFT_VERSION = 5.0;
				TARGETED_DEVICE_FAMILY = "1,2";
			};
			name = Debug;
		};
		A25810A52B925C4A0021C2D4 /* Release */ = {
			isa = XCBuildConfiguration;
			buildSettings = {
				ASSETCATALOG_COMPILER_APPICON_NAME = AppIcon;
				ASSETCATALOG_COMPILER_GLOBAL_ACCENT_COLOR_NAME = AccentColor;
				CODE_SIGN_STYLE = Automatic;
				CURRENT_PROJECT_VERSION = 1;
				DEVELOPMENT_ASSET_PATHS = "\"SWOOOP/Preview Content\"";
				DEVELOPMENT_TEAM = GUFNBHK267;
				ENABLE_PREVIEWS = YES;
				GENERATE_INFOPLIST_FILE = YES;
				INFOPLIST_FILE = SWOOOP/Info.plist;
				INFOPLIST_KEY_UIApplicationSceneManifest_Generation = YES;
				INFOPLIST_KEY_UIApplicationSupportsIndirectInputEvents = YES;
				INFOPLIST_KEY_UILaunchScreen_Generation = YES;
				INFOPLIST_KEY_UISupportedInterfaceOrientations_iPad = "UIInterfaceOrientationPortrait UIInterfaceOrientationPortraitUpsideDown UIInterfaceOrientationLandscapeLeft UIInterfaceOrientationLandscapeRight";
				INFOPLIST_KEY_UISupportedInterfaceOrientations_iPhone = "UIInterfaceOrientationPortrait UIInterfaceOrientationLandscapeLeft UIInterfaceOrientationLandscapeRight";
				LD_RUNPATH_SEARCH_PATHS = (
					"$(inherited)",
					"@executable_path/Frameworks",
				);
				MARKETING_VERSION = 1.3;
				PRODUCT_BUNDLE_IDENTIFIER = com.PinataTechnologies.SWOOP;
				PRODUCT_NAME = "$(TARGET_NAME)";
				SWIFT_EMIT_LOC_STRINGS = YES;
				SWIFT_VERSION = 5.0;
				TARGETED_DEVICE_FAMILY = "1,2";
			};
			name = Release;
		};
/* End XCBuildConfiguration section */

/* Begin XCConfigurationList section */
		A25810902B925C480021C2D4 /* Build configuration list for PBXProject "SWOOOP" */ = {
			isa = XCConfigurationList;
			buildConfigurations = (
				A25810A12B925C4A0021C2D4 /* Debug */,
				A25810A22B925C4A0021C2D4 /* Release */,
			);
			defaultConfigurationIsVisible = 0;
			defaultConfigurationName = Release;
		};
		A25810A32B925C4A0021C2D4 /* Build configuration list for PBXNativeTarget "SWOOOP" */ = {
			isa = XCConfigurationList;
			buildConfigurations = (
				A25810A42B925C4A0021C2D4 /* Debug */,
				A25810A52B925C4A0021C2D4 /* Release */,
			);
			defaultConfigurationIsVisible = 0;
			defaultConfigurationName = Release;
		};
/* End XCConfigurationList section */

/* Begin XCRemoteSwiftPackageReference section */
		A2BAF6C12B939472003D7DC8 /* XCRemoteSwiftPackageReference "SlideButton" */ = {
			isa = XCRemoteSwiftPackageReference;
			repositoryURL = "https://github.com/no-comment/SlideButton";
			requirement = {
				branch = main;
				kind = branch;
			};
		};
/* End XCRemoteSwiftPackageReference section */

/* Begin XCSwiftPackageProductDependency section */
		A2BAF6C22B939472003D7DC8 /* SlideButton */ = {
			isa = XCSwiftPackageProductDependency;
			package = A2BAF6C12B939472003D7DC8 /* XCRemoteSwiftPackageReference "SlideButton" */;
			productName = SlideButton;
		};
/* End XCSwiftPackageProductDependency section */
	};
	rootObject = A258108D2B925C480021C2D4 /* Project object */;
}
